
Microsoft Visual Studio Solution File, Format Version 12.00
# Visual Studio Version 17
VisualStudioVersion = 17.5.33516.290
MinimumVisualStudioVersion = 10.0.40219.1
Project("{FAE04EC0-301F-11D3-BF4B-00C04F79EFBC}") = "SimpleEmployer.Model", "SimpleEmployer.Model\SimpleEmployer.Model.csproj", "{296613D4-7F72-49FD-9511-B800A5763DC2}"
EndProject
Project("{FAE04EC0-301F-11D3-BF4B-00C04F79EFBC}") = "SimpleEmployer.BLL", "SimpleEmployer.BLL\SimpleEmployer.BLL.csproj", "{2FB6D795-C479-4030-A0C1-EC3E3E1CE001}"
EndProject
Project("{FAE04EC0-301F-11D3-BF4B-00C04F79EFBC}") = "SimpleEmployer.ConsoleView", "SimpleEmployer.ConsoleView\SimpleEmployer.ConsoleView.csproj", "{2551FA89-F306-4E02-814B-B6FD4D9BB5A4}"
EndProject
Global
	GlobalSection(SolutionConfigurationPlatforms) = preSolution
		Debug|Any CPU = Debug|Any CPU
		Release|Any CPU = Release|Any CPU
	EndGlobalSection
	GlobalSection(ProjectConfigurationPlatforms) = postSolution
		{296613D4-7F72-49FD-9511-B800A5763DC2}.Debug|Any CPU.ActiveCfg = Debug|Any CPU
		{296613D4-7F72-49FD-9511-B800A5763DC2}.Debug|Any CPU.Build.0 = Debug|Any CPU
		{296613D4-7F72-49FD-9511-B800A5763DC2}.Release|Any CPU.ActiveCfg = Release|Any CPU
		{296613D4-7F72-49FD-9511-B800A5763DC2}.Release|Any CPU.Build.0 = Release|Any CPU
		{2FB6D795-C479-4030-A0C1-EC3E3E1CE001}.Debug|Any CPU.ActiveCfg = Debug|Any CPU
		{2FB6D795-C479-4030-A0C1-EC3E3E1CE001}.Debug|Any CPU.Build.0 = Debug|Any CPU
		{2FB6D795-C479-4030-A0C1-EC3E3E1CE001}.Release|Any CPU.ActiveCfg = Release|Any CPU
		{2FB6D795-C479-4030-A0C1-EC3E3E1CE001}.Release|Any CPU.Build.0 = Release|Any CPU
		{2551FA89-F306-4E02-814B-B6FD4D9BB5A4}.Debug|Any CPU.ActiveCfg = Debug|Any CPU
		{2551FA89-F306-4E02-814B-B6FD4D9BB5A4}.Debug|Any CPU.Build.0 = Debug|Any CPU
		{2551FA89-F306-4E02-814B-B6FD4D9BB5A4}.Release|Any CPU.ActiveCfg = Release|Any CPU
		{2551FA89-F306-4E02-814B-B6FD4D9BB5A4}.Release|Any CPU.Build.0 = Release|Any CPU
	EndGlobalSection
	GlobalSection(SolutionProperties) = preSolution
		HideSolutionNode = FALSE
	EndGlobalSection
	GlobalSection(ExtensibilityGlobals) = postSolution
		SolutionGuid = {20160BF6-548E-440D-A451-7FBD6F37BD6F}
	EndGlobalSection
EndGlobal
